
Microsoft Visual Studio Solution File, Format Version 12.00
# Visual Studio Version 17
VisualStudioVersion = 17.10.35004.147
MinimumVisualStudioVersion = 10.0.40219.1
Project("{FAE04EC0-301F-11D3-BF4B-00C04F79EFBC}") = "locaweb-rest-api", "locaweb-rest-api.csproj", "{D00D84F6-BE08-4D16-9780-D6ED0B448D98}"
EndProject
Global
	GlobalSection(SolutionConfigurationPlatforms) = preSolution
		Debug|Any CPU = Debug|Any CPU
		Release|Any CPU = Release|Any CPU
	EndGlobalSection
	GlobalSection(ProjectConfigurationPlatforms) = postSolution
		{D00D84F6-BE08-4D16-9780-D6ED0B448D98}.Debug|Any CPU.ActiveCfg = Debug|Any CPU
		{D00D84F6-BE08-4D16-9780-D6ED0B448D98}.Debug|Any CPU.Build.0 = Debug|Any CPU
		{D00D84F6-BE08-4D16-9780-D6ED0B448D98}.Release|Any CPU.ActiveCfg = Release|Any CPU
		{D00D84F6-BE08-4D16-9780-D6ED0B448D98}.Release|Any CPU.Build.0 = Release|Any CPU
	EndGlobalSection
	GlobalSection(SolutionProperties) = preSolution
		HideSolutionNode = FALSE
	EndGlobalSection
	GlobalSection(ExtensibilityGlobals) = postSolution
		SolutionGuid = {E777CEA9-363E-4B41-BADE-363FD175D884}
	EndGlobalSection
EndGlobal
